github.com/hugomods/images v0.12.3 h1:FiHZnFgbxn4SpxdY8harOxhYKA8WhAgibJoHhIe9sdU=
github.com/hugomods/images v0.12.3/go.mod h1:U6Gwj16LKvk66rOMyGFrnF6f0aV8lT89lqOsckOAjYY=
github.com/hugomods/shortcodes v0.25.1 h1:JQZ/Kw9aOlFVnDiDgXsSqiu8gLFXAM7tQn+TYr8q2bc=
github.com/hugomods/shortcodes v0.25.1/go.mod h1:EnVopbZMNI/HeteM3Lp3phBTCRLvPSe7l142qhRFFPY=
